github.com/bitly/go-simplejson v0.5.0 h1:6IH+V8/tVMab511d5bn4M7EwGXZf9Hj6i2xSwkNEM+Y=
github.com/bitly/go-simplejson v0.5.0/go.mod h1:cXHtHw4XUPsvGaxgjIAn8PhEWG9NfngEKAMDJEczWVA=
github.com/me-io/go-swap v0.0.0-20181003190758-b8d825d1873d h1:sZuUWzHpvKcKIbgeskcs88gcs5Wr47N4Pk8Zrwt/W7U=
github.com/me-io/go-swap v0.0.0-20181003190758-b8d825d1873d/go.mod h1:ZvyaEAi7PA+LamM1m63PjXTxMyeyq3FR4+xN2DjIbDU=
